
Microsoft Visual Studio Solution File, Format Version 12.00
# Visual Studio Version 16
VisualStudioVersion = 16.0.30309.148
MinimumVisualStudioVersion = 10.0.40219.1
Project("{FAE04EC0-301F-11D3-BF4B-00C04F79EFBC}") = "PreSemester Project", "PreSemester Project.csproj", "{F4F4A968-163B-42AA-AD76-36C053B1701E}"
EndProject
Global
	GlobalSection(SolutionConfigurationPlatforms) = preSolution
		Debug|Any CPU = Debug|Any CPU
		Release|Any CPU = Release|Any CPU
	EndGlobalSection
	GlobalSection(ProjectConfigurationPlatforms) = postSolution
		{F4F4A968-163B-42AA-AD76-36C053B1701E}.Debug|Any CPU.ActiveCfg = Debug|Any CPU
		{F4F4A968-163B-42AA-AD76-36C053B1701E}.Debug|Any CPU.Build.0 = Debug|Any CPU
		{F4F4A968-163B-42AA-AD76-36C053B1701E}.Release|Any CPU.ActiveCfg = Release|Any CPU
		{F4F4A968-163B-42AA-AD76-36C053B1701E}.Release|Any CPU.Build.0 = Release|Any CPU
	EndGlobalSection
	GlobalSection(SolutionProperties) = preSolution
		HideSolutionNode = FALSE
	EndGlobalSection
	GlobalSection(ExtensibilityGlobals) = postSolution
		SolutionGuid = {5648732B-D0C5-40D1-8816-B49BD76596F0}
	EndGlobalSection
EndGlobal
